tools:
- name: matchms
  iri: https://w3id.org/holobiomicslab/asb-tool/matchms
  related_workflows:
  - benchmark/tasks/audit_haffner_v2/workflow.smk
  - benchmark/tasks/audit_jeong_full/workflow.smk
  - benchmark/tasks/article_878_full_2026-05-10_v5/workflow.smk
  - benchmark/tasks/pesticide_full_2026-05-10_v2/workflow.smk
  - benchmark/tasks/audit_s41592_full/workflow.smk
- name: matchms 0.26.4
  iri: https://w3id.org/holobiomicslab/asb-tool/matchms-0-26-4
  related_workflows:
  - benchmark/tasks/audit_haffner_v2/workflow.smk
  - benchmark/tasks/audit_jeong_full/workflow.smk
  - benchmark/tasks/article_878_full_2026-05-10_v5/workflow.smk
  - benchmark/tasks/pesticide_full_2026-05-10_v2/workflow.smk
  - benchmark/tasks/audit_s41592_full/workflow.smk
- name: RDKit
  iri: https://w3id.org/holobiomicslab/asb-tool/rdkit
  related_workflows:
  - benchmark/tasks/audit_haffner_v2/workflow.smk
  - benchmark/tasks/audit_jeong_full/workflow.smk
  - benchmark/tasks/article_878_full_2026-05-10_v5/workflow.smk
  - benchmark/tasks/pesticide_full_2026-05-10_v2/workflow.smk
  - benchmark/tasks/audit_s41592_full/workflow.smk
- name: Python
  iri: https://w3id.org/holobiomicslab/asb-tool/python
  related_workflows:
  - benchmark/tasks/audit_haffner_v2/workflow.smk
  - benchmark/tasks/audit_jeong_full/workflow.smk
  - benchmark/tasks/article_878_full_2026-05-10_v5/workflow.smk
  - benchmark/tasks/pesticide_full_2026-05-10_v2/workflow.smk
  - benchmark/tasks/audit_s41592_full/workflow.smk
- name: PubChem
  iri: https://w3id.org/holobiomicslab/asb-tool/pubchem
  related_workflows:
  - benchmark/tasks/audit_haffner_v2/workflow.smk
  - benchmark/tasks/audit_jeong_full/workflow.smk
  - benchmark/tasks/article_878_full_2026-05-10_v5/workflow.smk
  - benchmark/tasks/pesticide_full_2026-05-10_v2/workflow.smk
  - benchmark/tasks/audit_s41592_full/workflow.smk
- name: principal-coordinate analysis (PCoA)
  iri: https://w3id.org/holobiomicslab/asb-tool/principal-coordinate-analysis-pcoa
  related_workflows:
  - benchmark/tasks/audit_haffner_v2/workflow.smk
  - benchmark/tasks/audit_jeong_full/workflow.smk
  - benchmark/tasks/article_878_full_2026-05-10_v5/workflow.smk
  - benchmark/tasks/pesticide_full_2026-05-10_v2/workflow.smk
  - benchmark/tasks/audit_s41592_full/workflow.smk
- name: MZmine
  iri: https://w3id.org/holobiomicslab/asb-tool/mzmine
  related_workflows:
  - benchmark/tasks/audit_haffner_v2/workflow.smk
  - benchmark/tasks/audit_jeong_full/workflow.smk
  - benchmark/tasks/article_878_full_2026-05-10_v5/workflow.smk
  - benchmark/tasks/pesticide_full_2026-05-10_v2/workflow.smk
  - benchmark/tasks/audit_s41592_full/workflow.smk
- name: R
  iri: https://w3id.org/holobiomicslab/asb-tool/r
  related_workflows:
  - benchmark/tasks/audit_haffner_v2/workflow.smk
  - benchmark/tasks/audit_jeong_full/workflow.smk
  - benchmark/tasks/article_878_full_2026-05-10_v5/workflow.smk
  - benchmark/tasks/pesticide_full_2026-05-10_v2/workflow.smk
  - benchmark/tasks/audit_s41592_full/workflow.smk
- name: random forest
  iri: https://w3id.org/holobiomicslab/asb-tool/random-forest
  related_workflows:
  - benchmark/tasks/audit_haffner_v2/workflow.smk
  - benchmark/tasks/audit_jeong_full/workflow.smk
  - benchmark/tasks/article_878_full_2026-05-10_v5/workflow.smk
  - benchmark/tasks/pesticide_full_2026-05-10_v2/workflow.smk
  - benchmark/tasks/audit_s41592_full/workflow.smk
- name: R programming language
  iri: https://w3id.org/holobiomicslab/asb-tool/r-programming-language
  related_workflows:
  - benchmark/tasks/audit_haffner_v2/workflow.smk
  - benchmark/tasks/audit_jeong_full/workflow.smk
  - benchmark/tasks/article_878_full_2026-05-10_v5/workflow.smk
  - benchmark/tasks/pesticide_full_2026-05-10_v2/workflow.smk
  - benchmark/tasks/audit_s41592_full/workflow.smk
- name: Jupyter Notebook
  iri: https://w3id.org/holobiomicslab/asb-tool/jupyter-notebook
  related_workflows:
  - benchmark/tasks/audit_haffner_v2/workflow.smk
  - benchmark/tasks/audit_jeong_full/workflow.smk
  - benchmark/tasks/article_878_full_2026-05-10_v5/workflow.smk
  - benchmark/tasks/pesticide_full_2026-05-10_v2/workflow.smk
  - benchmark/tasks/audit_s41592_full/workflow.smk
- name: PERMANOVA
  iri: https://w3id.org/holobiomicslab/asb-tool/permanova
  related_workflows:
  - benchmark/tasks/audit_haffner_v2/workflow.smk
  - benchmark/tasks/audit_jeong_full/workflow.smk
  - benchmark/tasks/article_878_full_2026-05-10_v5/workflow.smk
  - benchmark/tasks/pesticide_full_2026-05-10_v2/workflow.smk
  - benchmark/tasks/audit_s41592_full/workflow.smk
- name: QIIME2
  iri: https://w3id.org/holobiomicslab/asb-tool/qiime2
  related_workflows:
  - benchmark/tasks/audit_haffner_v2/workflow.smk
  - benchmark/tasks/audit_jeong_full/workflow.smk
  - benchmark/tasks/article_878_full_2026-05-10_v5/workflow.smk
  - benchmark/tasks/pesticide_full_2026-05-10_v2/workflow.smk
  - benchmark/tasks/audit_s41592_full/workflow.smk
- name: EMPeror
  iri: https://w3id.org/holobiomicslab/asb-tool/emperor
  related_workflows:
  - benchmark/tasks/audit_haffner_v2/workflow.smk
  - benchmark/tasks/audit_jeong_full/workflow.smk
  - benchmark/tasks/article_878_full_2026-05-10_v5/workflow.smk
  - benchmark/tasks/pesticide_full_2026-05-10_v2/workflow.smk
  - benchmark/tasks/audit_s41592_full/workflow.smk
- name: mmvec
  iri: https://w3id.org/holobiomicslab/asb-tool/mmvec
  related_workflows:
  - benchmark/tasks/audit_haffner_v2/workflow.smk
  - benchmark/tasks/audit_jeong_full/workflow.smk
  - benchmark/tasks/article_878_full_2026-05-10_v5/workflow.smk
  - benchmark/tasks/pesticide_full_2026-05-10_v2/workflow.smk
  - benchmark/tasks/audit_s41592_full/workflow.smk
- name: LC-MS/MS
  iri: https://w3id.org/holobiomicslab/asb-tool/lc-ms-ms
  related_workflows:
  - benchmark/tasks/audit_haffner_v2/workflow.smk
  - benchmark/tasks/audit_jeong_full/workflow.smk
  - benchmark/tasks/article_878_full_2026-05-10_v5/workflow.smk
  - benchmark/tasks/pesticide_full_2026-05-10_v2/workflow.smk
  - benchmark/tasks/audit_s41592_full/workflow.smk
- name: HISAT2
  iri: https://w3id.org/holobiomicslab/asb-tool/hisat2
  related_workflows:
  - benchmark/tasks/audit_haffner_v2/workflow.smk
  - benchmark/tasks/audit_jeong_full/workflow.smk
  - benchmark/tasks/article_878_full_2026-05-10_v5/workflow.smk
  - benchmark/tasks/pesticide_full_2026-05-10_v2/workflow.smk
  - benchmark/tasks/audit_s41592_full/workflow.smk
- name: HTSeq
  iri: https://w3id.org/holobiomicslab/asb-tool/htseq
  related_workflows:
  - benchmark/tasks/audit_haffner_v2/workflow.smk
  - benchmark/tasks/audit_jeong_full/workflow.smk
  - benchmark/tasks/article_878_full_2026-05-10_v5/workflow.smk
  - benchmark/tasks/pesticide_full_2026-05-10_v2/workflow.smk
  - benchmark/tasks/audit_s41592_full/workflow.smk
- name: edgeR
  iri: https://w3id.org/holobiomicslab/asb-tool/edger
  related_workflows:
  - benchmark/tasks/audit_haffner_v2/workflow.smk
  - benchmark/tasks/audit_jeong_full/workflow.smk
  - benchmark/tasks/article_878_full_2026-05-10_v5/workflow.smk
  - benchmark/tasks/pesticide_full_2026-05-10_v2/workflow.smk
  - benchmark/tasks/audit_s41592_full/workflow.smk
- name: SRA Toolkit
  iri: https://w3id.org/holobiomicslab/asb-tool/sra-toolkit
  related_workflows:
  - benchmark/tasks/audit_haffner_v2/workflow.smk
  - benchmark/tasks/audit_jeong_full/workflow.smk
  - benchmark/tasks/article_878_full_2026-05-10_v5/workflow.smk
  - benchmark/tasks/pesticide_full_2026-05-10_v2/workflow.smk
  - benchmark/tasks/audit_s41592_full/workflow.smk
- name: GNPS
  iri: https://w3id.org/holobiomicslab/asb-tool/gnps
  related_workflows:
  - benchmark/tasks/audit_haffner_v2/workflow.smk
  - benchmark/tasks/audit_jeong_full/workflow.smk
  - benchmark/tasks/article_878_full_2026-05-10_v5/workflow.smk
  - benchmark/tasks/pesticide_full_2026-05-10_v2/workflow.smk
  - benchmark/tasks/audit_s41592_full/workflow.smk
- name: MassQL
  iri: https://w3id.org/holobiomicslab/asb-tool/massql
  related_workflows:
  - benchmark/tasks/audit_haffner_v2/workflow.smk
  - benchmark/tasks/audit_jeong_full/workflow.smk
  - benchmark/tasks/article_878_full_2026-05-10_v5/workflow.smk
  - benchmark/tasks/pesticide_full_2026-05-10_v2/workflow.smk
  - benchmark/tasks/audit_s41592_full/workflow.smk
- name: Pfam
  iri: https://w3id.org/holobiomicslab/asb-tool/pfam
  related_workflows:
  - benchmark/tasks/audit_haffner_v2/workflow.smk
  - benchmark/tasks/audit_jeong_full/workflow.smk
  - benchmark/tasks/article_878_full_2026-05-10_v5/workflow.smk
  - benchmark/tasks/pesticide_full_2026-05-10_v2/workflow.smk
  - benchmark/tasks/audit_s41592_full/workflow.smk
- name: MS-Cluster
  iri: https://w3id.org/holobiomicslab/asb-tool/ms-cluster
  related_workflows:
  - benchmark/tasks/audit_haffner_v2/workflow.smk
  - benchmark/tasks/audit_jeong_full/workflow.smk
  - benchmark/tasks/article_878_full_2026-05-10_v5/workflow.smk
  - benchmark/tasks/pesticide_full_2026-05-10_v2/workflow.smk
  - benchmark/tasks/audit_s41592_full/workflow.smk
- name: pyteomics
  iri: https://w3id.org/holobiomicslab/asb-tool/pyteomics
  related_workflows:
  - benchmark/tasks/audit_haffner_v2/workflow.smk
  - benchmark/tasks/audit_jeong_full/workflow.smk
  - benchmark/tasks/article_878_full_2026-05-10_v5/workflow.smk
  - benchmark/tasks/pesticide_full_2026-05-10_v2/workflow.smk
  - benchmark/tasks/audit_s41592_full/workflow.smk
- name: lark parser
  iri: https://w3id.org/holobiomicslab/asb-tool/lark-parser
  related_workflows:
  - benchmark/tasks/audit_haffner_v2/workflow.smk
  - benchmark/tasks/audit_jeong_full/workflow.smk
  - benchmark/tasks/article_878_full_2026-05-10_v5/workflow.smk
  - benchmark/tasks/pesticide_full_2026-05-10_v2/workflow.smk
  - benchmark/tasks/audit_s41592_full/workflow.smk
- name: pandas
  iri: https://w3id.org/holobiomicslab/asb-tool/pandas
  related_workflows:
  - benchmark/tasks/audit_haffner_v2/workflow.smk
  - benchmark/tasks/audit_jeong_full/workflow.smk
  - benchmark/tasks/article_878_full_2026-05-10_v5/workflow.smk
  - benchmark/tasks/pesticide_full_2026-05-10_v2/workflow.smk
  - benchmark/tasks/audit_s41592_full/workflow.smk
- name: lark (parser library)
  iri: https://w3id.org/holobiomicslab/asb-tool/lark-parser-library
  related_workflows:
  - benchmark/tasks/audit_haffner_v2/workflow.smk
  - benchmark/tasks/audit_jeong_full/workflow.smk
  - benchmark/tasks/article_878_full_2026-05-10_v5/workflow.smk
  - benchmark/tasks/pesticide_full_2026-05-10_v2/workflow.smk
  - benchmark/tasks/audit_s41592_full/workflow.smk
- name: ProteoWizard v3.0.18265
  iri: https://w3id.org/holobiomicslab/asb-tool/proteowizard-v3-0-18265
  related_workflows:
  - benchmark/tasks/audit_haffner_v2/workflow.smk
  - benchmark/tasks/audit_jeong_full/workflow.smk
  - benchmark/tasks/article_878_full_2026-05-10_v5/workflow.smk
  - benchmark/tasks/pesticide_full_2026-05-10_v2/workflow.smk
  - benchmark/tasks/audit_s41592_full/workflow.smk
- name: mzR
  iri: https://w3id.org/holobiomicslab/asb-tool/mzr
  related_workflows:
  - benchmark/tasks/audit_haffner_v2/workflow.smk
  - benchmark/tasks/audit_jeong_full/workflow.smk
  - benchmark/tasks/article_878_full_2026-05-10_v5/workflow.smk
  - benchmark/tasks/pesticide_full_2026-05-10_v2/workflow.smk
  - benchmark/tasks/audit_s41592_full/workflow.smk
- name: GenForm
  iri: https://w3id.org/holobiomicslab/asb-tool/genform
  related_workflows:
  - benchmark/tasks/audit_haffner_v2/workflow.smk
  - benchmark/tasks/audit_jeong_full/workflow.smk
  - benchmark/tasks/article_878_full_2026-05-10_v5/workflow.smk
  - benchmark/tasks/pesticide_full_2026-05-10_v2/workflow.smk
  - benchmark/tasks/audit_s41592_full/workflow.smk
- name: Sirius version 4.4.27
  iri: https://w3id.org/holobiomicslab/asb-tool/sirius-version-4-4-27
  related_workflows:
  - benchmark/tasks/audit_haffner_v2/workflow.smk
  - benchmark/tasks/audit_jeong_full/workflow.smk
  - benchmark/tasks/article_878_full_2026-05-10_v5/workflow.smk
  - benchmark/tasks/pesticide_full_2026-05-10_v2/workflow.smk
  - benchmark/tasks/audit_s41592_full/workflow.smk
- name: OrgMassSpecR
  iri: https://w3id.org/holobiomicslab/asb-tool/orgmassspecr
  related_workflows:
  - benchmark/tasks/audit_haffner_v2/workflow.smk
  - benchmark/tasks/audit_jeong_full/workflow.smk
  - benchmark/tasks/article_878_full_2026-05-10_v5/workflow.smk
  - benchmark/tasks/pesticide_full_2026-05-10_v2/workflow.smk
  - benchmark/tasks/audit_s41592_full/workflow.smk
- name: R v 3.6.1
  iri: https://w3id.org/holobiomicslab/asb-tool/r-v-3-6-1
  related_workflows:
  - benchmark/tasks/audit_haffner_v2/workflow.smk
  - benchmark/tasks/audit_jeong_full/workflow.smk
  - benchmark/tasks/article_878_full_2026-05-10_v5/workflow.smk
  - benchmark/tasks/pesticide_full_2026-05-10_v2/workflow.smk
  - benchmark/tasks/audit_s41592_full/workflow.smk
- name: BioTransformer
  iri: https://w3id.org/holobiomicslab/asb-tool/biotransformer
  related_workflows:
  - benchmark/tasks/audit_haffner_v2/workflow.smk
  - benchmark/tasks/audit_jeong_full/workflow.smk
  - benchmark/tasks/article_878_full_2026-05-10_v5/workflow.smk
  - benchmark/tasks/pesticide_full_2026-05-10_v2/workflow.smk
  - benchmark/tasks/audit_s41592_full/workflow.smk
- name: 'incubatoR workflow (GitHub: chufz/incubatoR)'
  iri: https://w3id.org/holobiomicslab/asb-tool/incubator-workflow-github-chufz-incubator
  related_workflows:
  - benchmark/tasks/audit_haffner_v2/workflow.smk
  - benchmark/tasks/audit_jeong_full/workflow.smk
  - benchmark/tasks/article_878_full_2026-05-10_v5/workflow.smk
  - benchmark/tasks/pesticide_full_2026-05-10_v2/workflow.smk
  - benchmark/tasks/audit_s41592_full/workflow.smk
- name: XCMS version 3.8
  iri: https://w3id.org/holobiomicslab/asb-tool/xcms-version-3-8
  related_workflows:
  - benchmark/tasks/audit_haffner_v2/workflow.smk
  - benchmark/tasks/audit_jeong_full/workflow.smk
  - benchmark/tasks/article_878_full_2026-05-10_v5/workflow.smk
  - benchmark/tasks/pesticide_full_2026-05-10_v2/workflow.smk
  - benchmark/tasks/audit_s41592_full/workflow.smk
- name: IPO
  iri: https://w3id.org/holobiomicslab/asb-tool/ipo
  related_workflows:
  - benchmark/tasks/audit_haffner_v2/workflow.smk
  - benchmark/tasks/audit_jeong_full/workflow.smk
  - benchmark/tasks/article_878_full_2026-05-10_v5/workflow.smk
  - benchmark/tasks/pesticide_full_2026-05-10_v2/workflow.smk
  - benchmark/tasks/audit_s41592_full/workflow.smk
